hash: 11d11cc4024720a90536069f3fe62ecc389152f0c83c32d4168660c266b1696d
updated: 2017-12-10T16:06:17.3072403+01:00
imports:
- name: github.com/auth0-community/auth0
  version: 9ebd072c579e8060c6d60690e9dffd3b79718992
- name: github.com/gin-contrib/cors
  version: cf4846e6a636a76237a28d9286f163c132e841bc
- name: github.com/gin-contrib/sse
  version: 22d885f9ecc78bf4ee5d72b937e4bbcdc58e8cae
- name: github.com/gin-contrib/static
  version: e6b7eb92648d0a5faeea81700668a7a5dbe8424f
- name: github.com/gin-gonic/gin
  version: d459835d2b077e44f7c9b453505ee29881d5d12d
  subpackages:
  - binding
  - render
- name: github.com/go-errors/errors
  version: 3afebba5a48dbc89b574d890b6b34d9ee10b4785
- name: github.com/golang/protobuf
  version: 1e59b77b52bf8e4b449a57e6f79f21226d571845
  subpackages:
  - proto
- name: github.com/jinzhu/copier
  version: db4671f3a9b8df855e993f7c94ec5ef1ffb0a23b
- name: github.com/jinzhu/gorm
  version: 5174cc5c242a728b435ea2be8a2f7f998e15429b
  subpackages:
  - dialects/sqlite
- name: github.com/jinzhu/inflection
  version: 1c35d901db3da928c72a72d8458480cc9ade058f
- name: github.com/mattn/go-isatty
  version: 6ca4dbf54d38eea1a992b3c722a76a5d1c4cb25c
- name: github.com/mattn/go-sqlite3
  version: d5ffb5c0cca8778699a929b236766f4a7af674e8
- name: github.com/ugorji/go
  version: f57d8945648dbfe4c332cff9c50fb57548958e3f
  subpackages:
  - codec
- name: golang.org/x/crypto
  version: 94eea52f7b742c7cbe0b03b22f0c4c8631ece122
  subpackages:
  - ed25519
  - ed25519/internal/edwards25519
- name: golang.org/x/net
  version: 0744d001aa8470aaa53df28d32e5ceeb8af9bd70
  subpackages:
  - context
- name: golang.org/x/sys
  version: d8f5ea21b9295e315e612b4bcf4bedea93454d4d
  subpackages:
  - unix
- name: gopkg.in/go-playground/validator.v8
  version: 5f1438d3fca68893a817e4a66806cea46a9e4ebf
- name: gopkg.in/square/go-jose.v2
  version: f8f38de21b4dcd69d0413faf231983f5fd6634b1
  subpackages:
  - cipher
  - json
  - jwt
- name: gopkg.in/yaml.v2
  version: eb3733d160e74a9c7e442f435eb3bea458e1d19f
testImports: []
